
Microsoft Visual Studio Solution File, Format Version 12.00
# Visual Studio 15
VisualStudioVersion = 15.0.26730.12
MinimumVisualStudioVersion = 10.0.40219.1
Project("{FAE04EC0-301F-11D3-BF4B-00C04F79EFBC}") = "AnalizaAlgorytmów", "AnalizaAlgorytmów\AnalizaAlgorytmów.csproj", "{0C15BAC0-F31A-4BE0-A31E-ECE9E835BE0A}"
EndProject
Project("{FAE04EC0-301F-11D3-BF4B-00C04F79EFBC}") = "Lista1", "Lista1\Lista1.csproj", "{8FF08001-EB42-4DA0-81B1-F1962ADFC90B}"
EndProject
Project("{FAE04EC0-301F-11D3-BF4B-00C04F79EFBC}") = "Lista2", "Lista2\Lista2.csproj", "{F5A18B6F-9B79-40C9-AE99-D4B53D291FA6}"
EndProject
Project("{FAE04EC0-301F-11D3-BF4B-00C04F79EFBC}") = "Lista3", "Lista3\Lista3.csproj", "{80CA2787-2CFB-424E-A102-9DDE55CF9759}"
EndProject
Project("{FAE04EC0-301F-11D3-BF4B-00C04F79EFBC}") = "L4PageRank", "L4PageRank\L4PageRank.csproj", "{CF01BEA4-7299-4787-83D6-8D03814B381A}"
EndProject
Project("{FAE04EC0-301F-11D3-BF4B-00C04F79EFBC}") = "GeneratingFunction", "GeneratingFunction\GeneratingFunction.csproj", "{C6AD1A43-32EA-4193-8461-BCC255481033}"
EndProject
Global
	GlobalSection(SolutionConfigurationPlatforms) = preSolution
		Debug|Any CPU = Debug|Any CPU
		Debug|ARM = Debug|ARM
		Debug|x64 = Debug|x64
		Debug|x86 = Debug|x86
		Release|Any CPU = Release|Any CPU
		Release|ARM = Release|ARM
		Release|x64 = Release|x64
		Release|x86 = Release|x86
	EndGlobalSection
	GlobalSection(ProjectConfigurationPlatforms) = postSolution
		{0C15BAC0-F31A-4BE0-A31E-ECE9E835BE0A}.Debug|Any CPU.ActiveCfg = Debug|Any CPU
		{0C15BAC0-F31A-4BE0-A31E-ECE9E835BE0A}.Debug|Any CPU.Build.0 = Debug|Any CPU
		{0C15BAC0-F31A-4BE0-A31E-ECE9E835BE0A}.Debug|ARM.ActiveCfg = Debug|Any CPU
		{0C15BAC0-F31A-4BE0-A31E-ECE9E835BE0A}.Debug|ARM.Build.0 = Debug|Any CPU
		{0C15BAC0-F31A-4BE0-A31E-ECE9E835BE0A}.Debug|x64.ActiveCfg = Debug|Any CPU
		{0C15BAC0-F31A-4BE0-A31E-ECE9E835BE0A}.Debug|x64.Build.0 = Debug|Any CPU
		{0C15BAC0-F31A-4BE0-A31E-ECE9E835BE0A}.Debug|x86.ActiveCfg = Debug|Any CPU
		{0C15BAC0-F31A-4BE0-A31E-ECE9E835BE0A}.Debug|x86.Build.0 = Debug|Any CPU
		{0C15BAC0-F31A-4BE0-A31E-ECE9E835BE0A}.Release|Any CPU.ActiveCfg = Release|Any CPU
		{0C15BAC0-F31A-4BE0-A31E-ECE9E835BE0A}.Release|Any CPU.Build.0 = Release|Any CPU
		{0C15BAC0-F31A-4BE0-A31E-ECE9E835BE0A}.Release|ARM.ActiveCfg = Release|Any CPU
		{0C15BAC0-F31A-4BE0-A31E-ECE9E835BE0A}.Release|ARM.Build.0 = Release|Any CPU
		{0C15BAC0-F31A-4BE0-A31E-ECE9E835BE0A}.Release|x64.ActiveCfg = Release|Any CPU
		{0C15BAC0-F31A-4BE0-A31E-ECE9E835BE0A}.Release|x64.Build.0 = Release|Any CPU
		{0C15BAC0-F31A-4BE0-A31E-ECE9E835BE0A}.Release|x86.ActiveCfg = Release|Any CPU
		{0C15BAC0-F31A-4BE0-A31E-ECE9E835BE0A}.Release|x86.Build.0 = Release|Any CPU
		{8FF08001-EB42-4DA0-81B1-F1962ADFC90B}.Debug|Any CPU.ActiveCfg = Debug|Any CPU
		{8FF08001-EB42-4DA0-81B1-F1962ADFC90B}.Debug|Any CPU.Build.0 = Debug|Any CPU
		{8FF08001-EB42-4DA0-81B1-F1962ADFC90B}.Debug|ARM.ActiveCfg = Debug|Any CPU
		{8FF08001-EB42-4DA0-81B1-F1962ADFC90B}.Debug|ARM.Build.0 = Debug|Any CPU
		{8FF08001-EB42-4DA0-81B1-F1962ADFC90B}.Debug|x64.ActiveCfg = Debug|Any CPU
		{8FF08001-EB42-4DA0-81B1-F1962ADFC90B}.Debug|x64.Build.0 = Debug|Any CPU
		{8FF08001-EB42-4DA0-81B1-F1962ADFC90B}.Debug|x86.ActiveCfg = Debug|Any CPU
		{8FF08001-EB42-4DA0-81B1-F1962ADFC90B}.Debug|x86.Build.0 = Debug|Any CPU
		{8FF08001-EB42-4DA0-81B1-F1962ADFC90B}.Release|Any CPU.ActiveCfg = Release|Any CPU
		{8FF08001-EB42-4DA0-81B1-F1962ADFC90B}.Release|Any CPU.Build.0 = Release|Any CPU
		{8FF08001-EB42-4DA0-81B1-F1962ADFC90B}.Release|ARM.ActiveCfg = Release|Any CPU
		{8FF08001-EB42-4DA0-81B1-F1962ADFC90B}.Release|ARM.Build.0 = Release|Any CPU
		{8FF08001-EB42-4DA0-81B1-F1962ADFC90B}.Release|x64.ActiveCfg = Release|Any CPU
		{8FF08001-EB42-4DA0-81B1-F1962ADFC90B}.Release|x64.Build.0 = Release|Any CPU
		{8FF08001-EB42-4DA0-81B1-F1962ADFC90B}.Release|x86.ActiveCfg = Release|Any CPU
		{8FF08001-EB42-4DA0-81B1-F1962ADFC90B}.Release|x86.Build.0 = Release|Any CPU
		{F5A18B6F-9B79-40C9-AE99-D4B53D291FA6}.Debug|Any CPU.ActiveCfg = Debug|Any CPU
		{F5A18B6F-9B79-40C9-AE99-D4B53D291FA6}.Debug|Any CPU.Build.0 = Debug|Any CPU
		{F5A18B6F-9B79-40C9-AE99-D4B53D291FA6}.Debug|ARM.ActiveCfg = Debug|Any CPU
		{F5A18B6F-9B79-40C9-AE99-D4B53D291FA6}.Debug|ARM.Build.0 = Debug|Any CPU
		{F5A18B6F-9B79-40C9-AE99-D4B53D291FA6}.Debug|x64.ActiveCfg = Debug|Any CPU
		{F5A18B6F-9B79-40C9-AE99-D4B53D291FA6}.Debug|x64.Build.0 = Debug|Any CPU
		{F5A18B6F-9B79-40C9-AE99-D4B53D291FA6}.Debug|x86.ActiveCfg = Debug|Any CPU
		{F5A18B6F-9B79-40C9-AE99-D4B53D291FA6}.Debug|x86.Build.0 = Debug|Any CPU
		{F5A18B6F-9B79-40C9-AE99-D4B53D291FA6}.Release|Any CPU.ActiveCfg = Release|Any CPU
		{F5A18B6F-9B79-40C9-AE99-D4B53D291FA6}.Release|Any CPU.Build.0 = Release|Any CPU
		{F5A18B6F-9B79-40C9-AE99-D4B53D291FA6}.Release|ARM.ActiveCfg = Release|Any CPU
		{F5A18B6F-9B79-40C9-AE99-D4B53D291FA6}.Release|ARM.Build.0 = Release|Any CPU
		{F5A18B6F-9B79-40C9-AE99-D4B53D291FA6}.Release|x64.ActiveCfg = Release|Any CPU
		{F5A18B6F-9B79-40C9-AE99-D4B53D291FA6}.Release|x64.Build.0 = Release|Any CPU
		{F5A18B6F-9B79-40C9-AE99-D4B53D291FA6}.Release|x86.ActiveCfg = Release|Any CPU
		{F5A18B6F-9B79-40C9-AE99-D4B53D291FA6}.Release|x86.Build.0 = Release|Any CPU
		{80CA2787-2CFB-424E-A102-9DDE55CF9759}.Debug|Any CPU.ActiveCfg = Debug|Any CPU
		{80CA2787-2CFB-424E-A102-9DDE55CF9759}.Debug|Any CPU.Build.0 = Debug|Any CPU
		{80CA2787-2CFB-424E-A102-9DDE55CF9759}.Debug|ARM.ActiveCfg = Debug|Any CPU
		{80CA2787-2CFB-424E-A102-9DDE55CF9759}.Debug|ARM.Build.0 = Debug|Any CPU
		{80CA2787-2CFB-424E-A102-9DDE55CF9759}.Debug|x64.ActiveCfg = Debug|Any CPU
		{80CA2787-2CFB-424E-A102-9DDE55CF9759}.Debug|x64.Build.0 = Debug|Any CPU
		{80CA2787-2CFB-424E-A102-9DDE55CF9759}.Debug|x86.ActiveCfg = Debug|Any CPU
		{80CA2787-2CFB-424E-A102-9DDE55CF9759}.Debug|x86.Build.0 = Debug|Any CPU
		{80CA2787-2CFB-424E-A102-9DDE55CF9759}.Release|Any CPU.ActiveCfg = Release|Any CPU
		{80CA2787-2CFB-424E-A102-9DDE55CF9759}.Release|Any CPU.Build.0 = Release|Any CPU
		{80CA2787-2CFB-424E-A102-9DDE55CF9759}.Release|ARM.ActiveCfg = Release|Any CPU
		{80CA2787-2CFB-424E-A102-9DDE55CF9759}.Release|ARM.Build.0 = Release|Any CPU
		{80CA2787-2CFB-424E-A102-9DDE55CF9759}.Release|x64.ActiveCfg = Release|Any CPU
		{80CA2787-2CFB-424E-A102-9DDE55CF9759}.Release|x64.Build.0 = Release|Any CPU
		{80CA2787-2CFB-424E-A102-9DDE55CF9759}.Release|x86.ActiveCfg = Release|Any CPU
		{80CA2787-2CFB-424E-A102-9DDE55CF9759}.Release|x86.Build.0 = Release|Any CPU
		{CF01BEA4-7299-4787-83D6-8D03814B381A}.Debug|Any CPU.ActiveCfg = Debug|Any CPU
		{CF01BEA4-7299-4787-83D6-8D03814B381A}.Debug|Any CPU.Build.0 = Debug|Any CPU
		{CF01BEA4-7299-4787-83D6-8D03814B381A}.Debug|ARM.ActiveCfg = Debug|Any CPU
		{CF01BEA4-7299-4787-83D6-8D03814B381A}.Debug|ARM.Build.0 = Debug|Any CPU
		{CF01BEA4-7299-4787-83D6-8D03814B381A}.Debug|x64.ActiveCfg = Debug|Any CPU
		{CF01BEA4-7299-4787-83D6-8D03814B381A}.Debug|x64.Build.0 = Debug|Any CPU
		{CF01BEA4-7299-4787-83D6-8D03814B381A}.Debug|x86.ActiveCfg = Debug|Any CPU
		{CF01BEA4-7299-4787-83D6-8D03814B381A}.Debug|x86.Build.0 = Debug|Any CPU
		{CF01BEA4-7299-4787-83D6-8D03814B381A}.Release|Any CPU.ActiveCfg = Release|Any CPU
		{CF01BEA4-7299-4787-83D6-8D03814B381A}.Release|Any CPU.Build.0 = Release|Any CPU
		{CF01BEA4-7299-4787-83D6-8D03814B381A}.Release|ARM.ActiveCfg = Release|Any CPU
		{CF01BEA4-7299-4787-83D6-8D03814B381A}.Release|ARM.Build.0 = Release|Any CPU
		{CF01BEA4-7299-4787-83D6-8D03814B381A}.Release|x64.ActiveCfg = Release|Any CPU
		{CF01BEA4-7299-4787-83D6-8D03814B381A}.Release|x64.Build.0 = Release|Any CPU
		{CF01BEA4-7299-4787-83D6-8D03814B381A}.Release|x86.ActiveCfg = Release|Any CPU
		{CF01BEA4-7299-4787-83D6-8D03814B381A}.Release|x86.Build.0 = Release|Any CPU
		{C6AD1A43-32EA-4193-8461-BCC255481033}.Debug|Any CPU.ActiveCfg = Debug|Any CPU
		{C6AD1A43-32EA-4193-8461-BCC255481033}.Debug|Any CPU.Build.0 = Debug|Any CPU
		{C6AD1A43-32EA-4193-8461-BCC255481033}.Debug|ARM.ActiveCfg = Debug|Any CPU
		{C6AD1A43-32EA-4193-8461-BCC255481033}.Debug|ARM.Build.0 = Debug|Any CPU
		{C6AD1A43-32EA-4193-8461-BCC255481033}.Debug|x64.ActiveCfg = Debug|Any CPU
		{C6AD1A43-32EA-4193-8461-BCC255481033}.Debug|x64.Build.0 = Debug|Any CPU
		{C6AD1A43-32EA-4193-8461-BCC255481033}.Debug|x86.ActiveCfg = Debug|Any CPU
		{C6AD1A43-32EA-4193-8461-BCC255481033}.Debug|x86.Build.0 = Debug|Any CPU
		{C6AD1A43-32EA-4193-8461-BCC255481033}.Release|Any CPU.ActiveCfg = Release|Any CPU
		{C6AD1A43-32EA-4193-8461-BCC255481033}.Release|Any CPU.Build.0 = Release|Any CPU
		{C6AD1A43-32EA-4193-8461-BCC255481033}.Release|ARM.ActiveCfg = Release|Any CPU
		{C6AD1A43-32EA-4193-8461-BCC255481033}.Release|ARM.Build.0 = Release|Any CPU
		{C6AD1A43-32EA-4193-8461-BCC255481033}.Release|x64.ActiveCfg = Release|Any CPU
		{C6AD1A43-32EA-4193-8461-BCC255481033}.Release|x64.Build.0 = Release|Any CPU
		{C6AD1A43-32EA-4193-8461-BCC255481033}.Release|x86.ActiveCfg = Release|Any CPU
		{C6AD1A43-32EA-4193-8461-BCC255481033}.Release|x86.Build.0 = Release|Any CPU
	EndGlobalSection
	GlobalSection(SolutionProperties) = preSolution
		HideSolutionNode = FALSE
	EndGlobalSection
	GlobalSection(ExtensibilityGlobals) = postSolution
		SolutionGuid = {DB2A2A00-BA04-4756-ADCA-36C179D104F6}
	EndGlobalSection
EndGlobal
