
Microsoft Visual Studio Solution File, Format Version 12.00
# Visual Studio 15
VisualStudioVersion = 15.0.26730.12
MinimumVisualStudioVersion = 10.0.40219.1
Project("{FAE04EC0-301F-11D3-BF4B-00C04F79EFBC}") = "Krypto", "Krypto\Krypto.csproj", "{F42A31BD-2C35-4EE9-9A0C-B7F94C1E4E60}"
EndProject
Project("{FAE04EC0-301F-11D3-BF4B-00C04F79EFBC}") = "L3", "L3\L3.csproj", "{7EAFC502-5C7C-48D9-8480-05EDF3BA2DA5}"
EndProject
Project("{FAE04EC0-301F-11D3-BF4B-00C04F79EFBC}") = "UnitTest", "UnitTest\UnitTest.csproj", "{BA0492BE-BD4C-442E-A2B4-4362CB56DC92}"
EndProject
Project("{FAE04EC0-301F-11D3-BF4B-00C04F79EFBC}") = "L4", "L4\L4.csproj", "{8F4959F7-7DBA-48BD-8EFD-FF0D14678997}"
EndProject
Project("{FAE04EC0-301F-11D3-BF4B-00C04F79EFBC}") = "L5", "L5\L5.csproj", "{04D8E97C-777E-4568-98B7-49BE9BCAF040}"
EndProject
Global
	GlobalSection(SolutionConfigurationPlatforms) = preSolution
		Debug|Any CPU = Debug|Any CPU
		Debug|x64 = Debug|x64
		Debug|x86 = Debug|x86
		Release|Any CPU = Release|Any CPU
		Release|x64 = Release|x64
		Release|x86 = Release|x86
	EndGlobalSection
	GlobalSection(ProjectConfigurationPlatforms) = postSolution
		{F42A31BD-2C35-4EE9-9A0C-B7F94C1E4E60}.Debug|Any CPU.ActiveCfg = Debug|Any CPU
		{F42A31BD-2C35-4EE9-9A0C-B7F94C1E4E60}.Debug|Any CPU.Build.0 = Debug|Any CPU
		{F42A31BD-2C35-4EE9-9A0C-B7F94C1E4E60}.Debug|x64.ActiveCfg = Debug|Any CPU
		{F42A31BD-2C35-4EE9-9A0C-B7F94C1E4E60}.Debug|x64.Build.0 = Debug|Any CPU
		{F42A31BD-2C35-4EE9-9A0C-B7F94C1E4E60}.Debug|x86.ActiveCfg = Debug|Any CPU
		{F42A31BD-2C35-4EE9-9A0C-B7F94C1E4E60}.Debug|x86.Build.0 = Debug|Any CPU
		{F42A31BD-2C35-4EE9-9A0C-B7F94C1E4E60}.Release|Any CPU.ActiveCfg = Release|Any CPU
		{F42A31BD-2C35-4EE9-9A0C-B7F94C1E4E60}.Release|Any CPU.Build.0 = Release|Any CPU
		{F42A31BD-2C35-4EE9-9A0C-B7F94C1E4E60}.Release|x64.ActiveCfg = Release|Any CPU
		{F42A31BD-2C35-4EE9-9A0C-B7F94C1E4E60}.Release|x64.Build.0 = Release|Any CPU
		{F42A31BD-2C35-4EE9-9A0C-B7F94C1E4E60}.Release|x86.ActiveCfg = Release|Any CPU
		{F42A31BD-2C35-4EE9-9A0C-B7F94C1E4E60}.Release|x86.Build.0 = Release|Any CPU
		{7EAFC502-5C7C-48D9-8480-05EDF3BA2DA5}.Debug|Any CPU.ActiveCfg = Debug|Any CPU
		{7EAFC502-5C7C-48D9-8480-05EDF3BA2DA5}.Debug|Any CPU.Build.0 = Debug|Any CPU
		{7EAFC502-5C7C-48D9-8480-05EDF3BA2DA5}.Debug|x64.ActiveCfg = Debug|Any CPU
		{7EAFC502-5C7C-48D9-8480-05EDF3BA2DA5}.Debug|x64.Build.0 = Debug|Any CPU
		{7EAFC502-5C7C-48D9-8480-05EDF3BA2DA5}.Debug|x86.ActiveCfg = Debug|Any CPU
		{7EAFC502-5C7C-48D9-8480-05EDF3BA2DA5}.Debug|x86.Build.0 = Debug|Any CPU
		{7EAFC502-5C7C-48D9-8480-05EDF3BA2DA5}.Release|Any CPU.ActiveCfg = Release|Any CPU
		{7EAFC502-5C7C-48D9-8480-05EDF3BA2DA5}.Release|Any CPU.Build.0 = Release|Any CPU
		{7EAFC502-5C7C-48D9-8480-05EDF3BA2DA5}.Release|x64.ActiveCfg = Release|Any CPU
		{7EAFC502-5C7C-48D9-8480-05EDF3BA2DA5}.Release|x64.Build.0 = Release|Any CPU
		{7EAFC502-5C7C-48D9-8480-05EDF3BA2DA5}.Release|x86.ActiveCfg = Release|Any CPU
		{7EAFC502-5C7C-48D9-8480-05EDF3BA2DA5}.Release|x86.Build.0 = Release|Any CPU
		{BA0492BE-BD4C-442E-A2B4-4362CB56DC92}.Debug|Any CPU.ActiveCfg = Debug|Any CPU
		{BA0492BE-BD4C-442E-A2B4-4362CB56DC92}.Debug|Any CPU.Build.0 = Debug|Any CPU
		{BA0492BE-BD4C-442E-A2B4-4362CB56DC92}.Debug|x64.ActiveCfg = Debug|Any CPU
		{BA0492BE-BD4C-442E-A2B4-4362CB56DC92}.Debug|x64.Build.0 = Debug|Any CPU
		{BA0492BE-BD4C-442E-A2B4-4362CB56DC92}.Debug|x86.ActiveCfg = Debug|Any CPU
		{BA0492BE-BD4C-442E-A2B4-4362CB56DC92}.Debug|x86.Build.0 = Debug|Any CPU
		{BA0492BE-BD4C-442E-A2B4-4362CB56DC92}.Release|Any CPU.ActiveCfg = Release|Any CPU
		{BA0492BE-BD4C-442E-A2B4-4362CB56DC92}.Release|Any CPU.Build.0 = Release|Any CPU
		{BA0492BE-BD4C-442E-A2B4-4362CB56DC92}.Release|x64.ActiveCfg = Release|Any CPU
		{BA0492BE-BD4C-442E-A2B4-4362CB56DC92}.Release|x64.Build.0 = Release|Any CPU
		{BA0492BE-BD4C-442E-A2B4-4362CB56DC92}.Release|x86.ActiveCfg = Release|Any CPU
		{BA0492BE-BD4C-442E-A2B4-4362CB56DC92}.Release|x86.Build.0 = Release|Any CPU
		{8F4959F7-7DBA-48BD-8EFD-FF0D14678997}.Debug|Any CPU.ActiveCfg = Debug|Any CPU
		{8F4959F7-7DBA-48BD-8EFD-FF0D14678997}.Debug|Any CPU.Build.0 = Debug|Any CPU
		{8F4959F7-7DBA-48BD-8EFD-FF0D14678997}.Debug|x64.ActiveCfg = Debug|Any CPU
		{8F4959F7-7DBA-48BD-8EFD-FF0D14678997}.Debug|x64.Build.0 = Debug|Any CPU
		{8F4959F7-7DBA-48BD-8EFD-FF0D14678997}.Debug|x86.ActiveCfg = Debug|Any CPU
		{8F4959F7-7DBA-48BD-8EFD-FF0D14678997}.Debug|x86.Build.0 = Debug|Any CPU
		{8F4959F7-7DBA-48BD-8EFD-FF0D14678997}.Release|Any CPU.ActiveCfg = Release|Any CPU
		{8F4959F7-7DBA-48BD-8EFD-FF0D14678997}.Release|Any CPU.Build.0 = Release|Any CPU
		{8F4959F7-7DBA-48BD-8EFD-FF0D14678997}.Release|x64.ActiveCfg = Release|Any CPU
		{8F4959F7-7DBA-48BD-8EFD-FF0D14678997}.Release|x64.Build.0 = Release|Any CPU
		{8F4959F7-7DBA-48BD-8EFD-FF0D14678997}.Release|x86.ActiveCfg = Release|Any CPU
		{8F4959F7-7DBA-48BD-8EFD-FF0D14678997}.Release|x86.Build.0 = Release|Any CPU
		{04D8E97C-777E-4568-98B7-49BE9BCAF040}.Debug|Any CPU.ActiveCfg = Debug|Any CPU
		{04D8E97C-777E-4568-98B7-49BE9BCAF040}.Debug|Any CPU.Build.0 = Debug|Any CPU
		{04D8E97C-777E-4568-98B7-49BE9BCAF040}.Debug|x64.ActiveCfg = Debug|Any CPU
		{04D8E97C-777E-4568-98B7-49BE9BCAF040}.Debug|x64.Build.0 = Debug|Any CPU
		{04D8E97C-777E-4568-98B7-49BE9BCAF040}.Debug|x86.ActiveCfg = Debug|Any CPU
		{04D8E97C-777E-4568-98B7-49BE9BCAF040}.Debug|x86.Build.0 = Debug|Any CPU
		{04D8E97C-777E-4568-98B7-49BE9BCAF040}.Release|Any CPU.ActiveCfg = Release|Any CPU
		{04D8E97C-777E-4568-98B7-49BE9BCAF040}.Release|Any CPU.Build.0 = Release|Any CPU
		{04D8E97C-777E-4568-98B7-49BE9BCAF040}.Release|x64.ActiveCfg = Release|Any CPU
		{04D8E97C-777E-4568-98B7-49BE9BCAF040}.Release|x64.Build.0 = Release|Any CPU
		{04D8E97C-777E-4568-98B7-49BE9BCAF040}.Release|x86.ActiveCfg = Release|Any CPU
		{04D8E97C-777E-4568-98B7-49BE9BCAF040}.Release|x86.Build.0 = Release|Any CPU
	EndGlobalSection
	GlobalSection(SolutionProperties) = preSolution
		HideSolutionNode = FALSE
	EndGlobalSection
	GlobalSection(ExtensibilityGlobals) = postSolution
		SolutionGuid = {EF7C0FE8-D7AB-4E40-8B94-EA01955586C2}
	EndGlobalSection
EndGlobal
