
Microsoft Visual Studio Solution File, Format Version 12.00
# Visual Studio 15
VisualStudioVersion = 15.0.27428.2005
MinimumVisualStudioVersion = 10.0.40219.1
Project("{8BC9CEB8-8B4A-11D0-8D11-00A0C91BC942}") = "NTL", "NTL.vcxproj", "{6211938C-7E7C-40A0-B62E-C276487576E6}"
EndProject
Project("{8BC9CEB8-8B4A-11D0-8D11-00A0C91BC942}") = "HPC", "..\..\..\HPC\HPC.vcxproj", "{D8276634-BDCC-49C7-A135-7F2D42FD40D2}"
	ProjectSection(ProjectDependencies) = postProject
		{6211938C-7E7C-40A0-B62E-C276487576E6} = {6211938C-7E7C-40A0-B62E-C276487576E6}
	EndProjectSection
EndProject
Project("{8BC9CEB8-8B4A-11D0-8D11-00A0C91BC942}") = "open", "open\open.vcxproj", "{D63E029D-3A6E-482B-8257-C783AFD9B4FD}"
EndProject
Global
	GlobalSection(SolutionConfigurationPlatforms) = preSolution
		Debug|ARM64 = Debug|ARM64
		Debug|x64 = Debug|x64
		Debug|x86 = Debug|x86
		Release|ARM64 = Release|ARM64
		Release|x64 = Release|x64
		Release|x86 = Release|x86
	EndGlobalSection
	GlobalSection(ProjectConfigurationPlatforms) = postSolution
		{6211938C-7E7C-40A0-B62E-C276487576E6}.Debug|ARM64.ActiveCfg = Debug|Win32
		{6211938C-7E7C-40A0-B62E-C276487576E6}.Debug|x64.ActiveCfg = Debug|x64
		{6211938C-7E7C-40A0-B62E-C276487576E6}.Debug|x64.Build.0 = Debug|x64
		{6211938C-7E7C-40A0-B62E-C276487576E6}.Debug|x86.ActiveCfg = Debug|Win32
		{6211938C-7E7C-40A0-B62E-C276487576E6}.Debug|x86.Build.0 = Debug|Win32
		{6211938C-7E7C-40A0-B62E-C276487576E6}.Release|ARM64.ActiveCfg = Release|Win32
		{6211938C-7E7C-40A0-B62E-C276487576E6}.Release|x64.ActiveCfg = Release|x64
		{6211938C-7E7C-40A0-B62E-C276487576E6}.Release|x64.Build.0 = Release|x64
		{6211938C-7E7C-40A0-B62E-C276487576E6}.Release|x86.ActiveCfg = Release|Win32
		{6211938C-7E7C-40A0-B62E-C276487576E6}.Release|x86.Build.0 = Release|Win32
		{D8276634-BDCC-49C7-A135-7F2D42FD40D2}.Debug|ARM64.ActiveCfg = Debug|Win32
		{D8276634-BDCC-49C7-A135-7F2D42FD40D2}.Debug|x64.ActiveCfg = Debug|x64
		{D8276634-BDCC-49C7-A135-7F2D42FD40D2}.Debug|x64.Build.0 = Debug|x64
		{D8276634-BDCC-49C7-A135-7F2D42FD40D2}.Debug|x86.ActiveCfg = Debug|Win32
		{D8276634-BDCC-49C7-A135-7F2D42FD40D2}.Debug|x86.Build.0 = Debug|Win32
		{D8276634-BDCC-49C7-A135-7F2D42FD40D2}.Release|ARM64.ActiveCfg = Release|Win32
		{D8276634-BDCC-49C7-A135-7F2D42FD40D2}.Release|x64.ActiveCfg = Release|x64
		{D8276634-BDCC-49C7-A135-7F2D42FD40D2}.Release|x64.Build.0 = Release|x64
		{D8276634-BDCC-49C7-A135-7F2D42FD40D2}.Release|x86.ActiveCfg = Release|Win32
		{D8276634-BDCC-49C7-A135-7F2D42FD40D2}.Release|x86.Build.0 = Release|Win32
		{D63E029D-3A6E-482B-8257-C783AFD9B4FD}.Debug|ARM64.ActiveCfg = Debug|ARM64
		{D63E029D-3A6E-482B-8257-C783AFD9B4FD}.Debug|ARM64.Build.0 = Debug|ARM64
		{D63E029D-3A6E-482B-8257-C783AFD9B4FD}.Debug|x64.ActiveCfg = Debug|Win32
		{D63E029D-3A6E-482B-8257-C783AFD9B4FD}.Debug|x86.ActiveCfg = Release|Win32
		{D63E029D-3A6E-482B-8257-C783AFD9B4FD}.Debug|x86.Build.0 = Release|Win32
		{D63E029D-3A6E-482B-8257-C783AFD9B4FD}.Release|ARM64.ActiveCfg = Release|ARM64
		{D63E029D-3A6E-482B-8257-C783AFD9B4FD}.Release|ARM64.Build.0 = Release|ARM64
		{D63E029D-3A6E-482B-8257-C783AFD9B4FD}.Release|x64.ActiveCfg = Debug|Win32
		{D63E029D-3A6E-482B-8257-C783AFD9B4FD}.Release|x64.Build.0 = Debug|Win32
		{D63E029D-3A6E-482B-8257-C783AFD9B4FD}.Release|x86.ActiveCfg = Release|Win32
		{D63E029D-3A6E-482B-8257-C783AFD9B4FD}.Release|x86.Build.0 = Release|Win32
	EndGlobalSection
	GlobalSection(SolutionProperties) = preSolution
		HideSolutionNode = FALSE
	EndGlobalSection
	GlobalSection(ExtensibilityGlobals) = postSolution
		SolutionGuid = {DE73C312-2FA6-4B4E-B4F7-4B8FE6BE551E}
	EndGlobalSection
EndGlobal
